// !$*UTF8*$!
{
	archiveVersion = 1;
	classes = {
	};
	objectVersion = 50;
	objects = {

/* Begin PBXBuildFile section */
		4AA2F7EC209F3FB40074D226 /* AppDelegate.swift in Sources */ = {isa = PBXBuildFile; fileRef = 4AA2F7EB209F3FB40074D226 /* AppDelegate.swift */; };
		4AA2F7F1209F3FB40074D226 /* Main.storyboard in Resources */ = {isa = PBXBuildFile; fileRef = 4AA2F7EF209F3FB40074D226 /* Main.storyboard */; };
		4AA2F7F3209F3FB50074D226 /* Assets.xcassets in Resources */ = {isa = PBXBuildFile; fileRef = 4AA2F7F2209F3FB50074D226 /* Assets.xcassets */; };
		4AA2F7F6209F3FB50074D226 /* LaunchScreen.storyboard in Resources */ = {isa = PBXBuildFile; fileRef = 4AA2F7F4209F3FB50074D226 /* LaunchScreen.storyboard */; };
		4AA2F7FE209F413B0074D226 /* HomeViewController.swift in Sources */ = {isa = PBXBuildFile; fileRef = 4AA2F7FD209F413B0074D226 /* HomeViewController.swift */; };
		4AA2F800209F414D0074D226 /* PlayViewController.swift in Sources */ = {isa = PBXBuildFile; fileRef = 4AA2F7FF209F414D0074D226 /* PlayViewController.swift */; };
		4AA2F802209F42220074D226 /* CharacterBoardView.swift in Sources */ = {isa = PBXBuildFile; fileRef = 4AA2F801209F42220074D226 /* CharacterBoardView.swift */; };
/* End PBXBuildFile section */

/* Begin PBXFileReference section */
		4AA2F7E8209F3FB40074D226 /* FindWords.app */ = {isa = PBXFileReference; explicitFileType = wrapper.application; includeInIndex = 0; path = FindWords.app; sourceTree = BUILT_PRODUCTS_DIR; };
		4AA2F7EB209F3FB40074D226 /* AppDelegate.swift */ = {isa = PBXFileReference; lastKnownFileType = sourcecode.swift; path = AppDelegate.swift; sourceTree = "<group>"; };
		4AA2F7F0209F3FB40074D226 /* Base */ = {isa = PBXFileReference; lastKnownFileType = file.storyboard; name = Base; path = Base.lproj/Main.storyboard; sourceTree = "<group>"; };
		4AA2F7F2209F3FB50074D226 /* Assets.xcassets */ = {isa = PBXFileReference; lastKnownFileType = folder.assetcatalog; path = Assets.xcassets; sourceTree = "<group>"; };
		4AA2F7F5209F3FB50074D226 /* Base */ = {isa = PBXFileReference; lastKnownFileType = file.storyboard; name = Base; path = Base.lproj/LaunchScreen.storyboard; sourceTree = "<group>"; };
		4AA2F7F7209F3FB50074D226 /* Info.plist */ = {isa = PBXFileReference; lastKnownFileType = text.plist.xml; path = Info.plist; sourceTree = "<group>"; };
		4AA2F7FD209F413B0074D226 /* HomeViewController.swift */ = {isa = PBXFileReference; lastKnownFileType = sourcecode.swift; path = HomeViewController.swift; sourceTree = "<group>"; };
		4AA2F7FF209F414D0074D226 /* PlayViewController.swift */ = {isa = PBXFileReference; lastKnownFileType = sourcecode.swift; path = PlayViewController.swift; sourceTree = "<group>"; };
		4AA2F801209F42220074D226 /* CharacterBoardView.swift */ = {isa = PBXFileReference; lastKnownFileType = sourcecode.swift; path = CharacterBoardView.swift; sourceTree = "<group>"; };
/* End PBXFileReference section */

/* Begin PBXFrameworksBuildPhase section */
		4AA2F7E5209F3FB40074D226 /* Frameworks */ = {
			isa = PBXFrameworksBuildPhase;
			buildActionMask = 2147483647;
			files = (
			);
			runOnlyForDeploymentPostprocessing = 0;
		};
/* End PBXFrameworksBuildPhase section */

/* Begin PBXGroup section */
		4AA2F7DF209F3FB40074D226 = {
			isa = PBXGroup;
			children = (
				4AA2F7EA209F3FB40074D226 /* FindWords */,
				4AA2F7E9209F3FB40074D226 /* Products */,
			);
			sourceTree = "<group>";
		};
		4AA2F7E9209F3FB40074D226 /* Products */ = {
			isa = PBXGroup;
			children = (
				4AA2F7E8209F3FB40074D226 /* FindWords.app */,
			);
			name = Products;
			sourceTree = "<group>";
		};
		4AA2F7EA209F3FB40074D226 /* FindWords */ = {
			isa = PBXGroup;
			children = (
				4AA2F7EB209F3FB40074D226 /* AppDelegate.swift */,
				4AA2F7EF209F3FB40074D226 /* Main.storyboard */,
				4AA2F7F2209F3FB50074D226 /* Assets.xcassets */,
				4AA2F7F4209F3FB50074D226 /* LaunchScreen.storyboard */,
				4AA2F7F7209F3FB50074D226 /* Info.plist */,
				4AA2F7FD209F413B0074D226 /* HomeViewController.swift */,
				4AA2F7FF209F414D0074D226 /* PlayViewController.swift */,
				4AA2F801209F42220074D226 /* CharacterBoardView.swift */,
			);
			path = FindWords;
			sourceTree = "<group>";
		};
/* End PBXGroup section */

/* Begin PBXNativeTarget section */
		4AA2F7E7209F3FB40074D226 /* FindWords */ = {
			isa = PBXNativeTarget;
			buildConfigurationList = 4AA2F7FA209F3FB50074D226 /* Build configuration list for PBXNativeTarget "FindWords" */;
			buildPhases = (
				4AA2F7E4209F3FB40074D226 /* Sources */,
				4AA2F7E5209F3FB40074D226 /* Frameworks */,
				4AA2F7E6209F3FB40074D226 /* Resources */,
			);
			buildRules = (
			);
			dependencies = (
			);
			name = FindWords;
			productName = FindWords;
			productReference = 4AA2F7E8209F3FB40074D226 /* FindWords.app */;
			productType = "com.apple.product-type.application";
		};
/* End PBXNativeTarget section */

/* Begin PBXProject section */
		4AA2F7E0209F3FB40074D226 /* Project object */ = {
			isa = PBXProject;
			attributes = {
				LastSwiftUpdateCheck = 0930;
				LastUpgradeCheck = 0930;
				ORGANIZATIONNAME = lujiuyin;
				TargetAttributes = {
					4AA2F7E7209F3FB40074D226 = {
						CreatedOnToolsVersion = 9.3;
					};
				};
			};
			buildConfigurationList = 4AA2F7E3209F3FB40074D226 /* Build configuration list for PBXProject "FindWords" */;
			compatibilityVersion = "Xcode 9.3";
			developmentRegion = en;
			hasScannedForEncodings = 0;
			knownRegions = (
				en,
				Base,
			);
			mainGroup = 4AA2F7DF209F3FB40074D226;
			productRefGroup = 4AA2F7E9209F3FB40074D226 /* Products */;
			projectDirPath = "";
			projectRoot = "";
			targets = (
				4AA2F7E7209F3FB40074D226 /* FindWords */,
			);
		};
/* End PBXProject section */

/* Begin PBXResourcesBuildPhase section */
		4AA2F7E6209F3FB40074D226 /* Resources */ = {
			isa = PBXResourcesBuildPhase;
			buildActionMask = 2147483647;
			files = (
				4AA2F7F6209F3FB50074D226 /* LaunchScreen.storyboard in Resources */,
				4AA2F7F3209F3FB50074D226 /* Assets.xcassets in Resources */,
				4AA2F7F1209F3FB40074D226 /* Main.storyboard in Resources */,
			);
			runOnlyForDeploymentPostprocessing = 0;
		};
/* End PBXResourcesBuildPhase section */

/* Begin PBXSourcesBuildPhase section */
		4AA2F7E4209F3FB40074D226 /* Sources */ = {
			isa = PBXSourcesBuildPhase;
			buildActionMask = 2147483647;
			files = (
				4AA2F800209F414D0074D226 /* PlayViewController.swift in Sources */,
				4AA2F7EC209F3FB40074D226 /* AppDelegate.swift in Sources */,
				4AA2F7FE209F413B0074D226 /* HomeViewController.swift in Sources */,
				4AA2F802209F42220074D226 /* CharacterBoardView.swift in Sources */,
			);
			runOnlyForDeploymentPostprocessing = 0;
		};
/* End PBXSourcesBuildPhase section */

/* Begin PBXVariantGroup section */
		4AA2F7EF209F3FB40074D226 /* Main.storyboard */ = {
			isa = PBXVariantGroup;
			children = (
				4AA2F7F0209F3FB40074D226 /* Base */,
			);
			name = Main.storyboard;
			sourceTree = "<group>";
		};
		4AA2F7F4209F3FB50074D226 /* LaunchScreen.storyboard */ = {
			isa = PBXVariantGroup;
			children = (
				4AA2F7F5209F3FB50074D226 /* Base */,
			);
			name = LaunchScreen.storyboard;
			sourceTree = "<group>";
		};
/* End PBXVariantGroup section */

/* Begin XCBuildConfiguration section */
		4AA2F7F8209F3FB50074D226 /* Debug */ = {
			isa = XCBuildConfiguration;
			buildSettings = {
				ALWAYS_SEARCH_USER_PATHS = NO;
				CLANG_ANALYZER_NONNULL = YES;
				CLANG_ANALYZER_NUMBER_OBJECT_CONVERSION = YES_AGGRESSIVE;
				CLANG_CXX_LANGUAGE_STANDARD = "gnu++14";
				CLANG_CXX_LIBRARY = "libc++";
				CLANG_ENABLE_MODULES = YES;
				CLANG_ENABLE_OBJC_ARC = YES;
				CLANG_ENABLE_OBJC_WEAK = YES;
				CLANG_WARN_BLOCK_CAPTURE_AUTORELEASING = YES;
				CLANG_WARN_BOOL_CONVERSION = YES;
				CLANG_WARN_COMMA = YES;
				CLANG_WARN_CONSTANT_CONVERSION = YES;
				CLANG_WARN_DEPRECATED_OBJC_IMPLEMENTATIONS = YES;
				CLANG_WARN_DIRECT_OBJC_ISA_USAGE = YES_ERROR;
				CLANG_WARN_DOCUMENTATION_COMMENTS = YES;
				CLANG_WARN_EMPTY_BODY = YES;
				CLANG_WARN_ENUM_CONVERSION = YES;
				CLANG_WARN_INFINITE_RECURSION = YES;
				CLANG_WARN_INT_CONVERSION = YES;
				CLANG_WARN_NON_LITERAL_NULL_CONVERSION = YES;
				CLANG_WARN_OBJC_IMPLICIT_RETAIN_SELF = YES;
				CLANG_WARN_OBJC_LITERAL_CONVERSION = YES;
				CLANG_WARN_OBJC_ROOT_CLASS = YES_ERROR;
				CLANG_WARN_RANGE_LOOP_ANALYSIS = YES;
				CLANG_WARN_STRICT_PROTOTYPES = YES;
				CLANG_WARN_SUSPICIOUS_MOVE = YES;
				CLANG_WARN_UNGUARDED_AVAILABILITY = YES_AGGRESSIVE;
				CLANG_WARN_UNREACHABLE_CODE = YES;
				CLANG_WARN__DUPLICATE_METHOD_MATCH = YES;
				CODE_SIGN_IDENTITY = "iPhone Developer";
				COPY_PHASE_STRIP = NO;
				DEBUG_INFORMATION_FORMAT = dwarf;
				ENABLE_STRICT_OBJC_MSGSEND = YES;
				ENABLE_TESTABILITY = YES;
				GCC_C_LANGUAGE_STANDARD = gnu11;
				GCC_DYNAMIC_NO_PIC = NO;
				GCC_NO_COMMON_BLOCKS = YES;
				GCC_OPTIMIZATION_LEVEL = 0;
				GCC_PREPROCESSOR_DEFINITIONS = (
					"DEBUG=1",
					"$(inherited)",
				);
				GCC_WARN_64_TO_32_BIT_CONVERSION = YES;
				GCC_WARN_ABOUT_RETURN_TYPE = YES_ERROR;
				GCC_WARN_UNDECLARED_SELECTOR = YES;
				GCC_WARN_UNINITIALIZED_AUTOS = YES_AGGRESSIVE;
				GCC_WARN_UNUSED_FUNCTION = YES;
				GCC_WARN_UNUSED_VARIABLE = YES;
				IPHONEOS_DEPLOYMENT_TARGET = 11.3;
				MTL_ENABLE_DEBUG_INFO = YES;
				ONLY_ACTIVE_ARCH = YES;
				SDKROOT = iphoneos;
				SWIFT_ACTIVE_COMPILATION_CONDITIONS = DEBUG;
				SWIFT_OPTIMIZATION_LEVEL = "-Onone";
			};
			name = Debug;
		};
		4AA2F7F9209F3FB50074D226 /* Release */ = {
			isa = XCBuildConfiguration;
			buildSettings = {
				ALWAYS_SEARCH_USER_PATHS = NO;
				CLANG_ANALYZER_NONNULL = YES;
				CLANG_ANALYZER_NUMBER_OBJECT_CONVERSION = YES_AGGRESSIVE;
				CLANG_CXX_LANGUAGE_STANDARD = "gnu++14";
				CLANG_CXX_LIBRARY = "libc++";
				CLANG_ENABLE_MODULES = YES;
				CLANG_ENABLE_OBJC_ARC = YES;
				CLANG_ENABLE_OBJC_WEAK = YES;
				CLANG_WARN_BLOCK_CAPTURE_AUTORELEASING = YES;
				CLANG_WARN_BOOL_CONVERSION = YES;
				CLANG_WARN_COMMA = YES;
				CLANG_WARN_CONSTANT_CONVERSION = YES;
				CLANG_WARN_DEPRECATED_OBJC_IMPLEMENTATIONS = YES;
				CLANG_WARN_DIRECT_OBJC_ISA_USAGE = YES_ERROR;
				CLANG_WARN_DOCUMENTATION_COMMENTS = YES;
				CLANG_WARN_EMPTY_BODY = YES;
				CLANG_WARN_ENUM_CONVERSION = YES;
				CLANG_WARN_INFINITE_RECURSION = YES;
				CLANG_WARN_INT_CONVERSION = YES;
				CLANG_WARN_NON_LITERAL_NULL_CONVERSION = YES;
				CLANG_WARN_OBJC_IMPLICIT_RETAIN_SELF = YES;
				CLANG_WARN_OBJC_LITERAL_CONVERSION = YES;
				CLANG_WARN_OBJC_ROOT_CLASS = YES_ERROR;
				CLANG_WARN_RANGE_LOOP_ANALYSIS = YES;
				CLANG_WARN_STRICT_PROTOTYPES = YES;
				CLANG_WARN_SUSPICIOUS_MOVE = YES;
				CLANG_WARN_UNGUARDED_AVAILABILITY = YES_AGGRESSIVE;
				CLANG_WARN_UNREACHABLE_CODE = YES;
				CLANG_WARN__DUPLICATE_METHOD_MATCH = YES;
				CODE_SIGN_IDENTITY = "iPhone Developer";
				COPY_PHASE_STRIP = NO;
				DEBUG_INFORMATION_FORMAT = "dwarf-with-dsym";
				ENABLE_NS_ASSERTIONS = NO;
				ENABLE_STRICT_OBJC_MSGSEND = YES;
				GCC_C_LANGUAGE_STANDARD = gnu11;
				GCC_NO_COMMON_BLOCKS = YES;
				GCC_WARN_64_TO_32_BIT_CONVERSION = YES;
				GCC_WARN_ABOUT_RETURN_TYPE = YES_ERROR;
				GCC_WARN_UNDECLARED_SELECTOR = YES;
				GCC_WARN_UNINITIALIZED_AUTOS = YES_AGGRESSIVE;
				GCC_WARN_UNUSED_FUNCTION = YES;
				GCC_WARN_UNUSED_VARIABLE = YES;
				IPHONEOS_DEPLOYMENT_TARGET = 11.3;
				MTL_ENABLE_DEBUG_INFO = NO;
				SDKROOT = iphoneos;
				SWIFT_COMPILATION_MODE = wholemodule;
				SWIFT_OPTIMIZATION_LEVEL = "-O";
				VALIDATE_PRODUCT = YES;
			};
			name = Release;
		};
		4AA2F7FB209F3FB50074D226 /* Debug */ = {
			isa = XCBuildConfiguration;
			buildSettings = {
				ASSETCATALOG_COMPILER_APPICON_NAME = AppIcon;
				CODE_SIGN_STYLE = Automatic;
				DEVELOPMENT_TEAM = 798G886V8N;
				INFOPLIST_FILE = FindWords/Info.plist;
				LD_RUNPATH_SEARCH_PATHS = (
					"$(inherited)",
					"@executable_path/Frameworks",
				);
				PRODUCT_BUNDLE_IDENTIFIER = com.hanqiu.FindWords;
				PRODUCT_NAME = "$(TARGET_NAME)";
				SWIFT_VERSION = 4.0;
				TARGETED_DEVICE_FAMILY = "1,2";
			};
			name = Debug;
		};
		4AA2F7FC209F3FB50074D226 /* Release */ = {
			isa = XCBuildConfiguration;
			buildSettings = {
				ASSETCATALOG_COMPILER_APPICON_NAME = AppIcon;
				CODE_SIGN_STYLE = Automatic;
				DEVELOPMENT_TEAM = 798G886V8N;
				INFOPLIST_FILE = FindWords/Info.plist;
				LD_RUNPATH_SEARCH_PATHS = (
					"$(inherited)",
					"@executable_path/Frameworks",
				);
				PRODUCT_BUNDLE_IDENTIFIER = com.hanqiu.FindWords;
				PRODUCT_NAME = "$(TARGET_NAME)";
				SWIFT_VERSION = 4.0;
				TARGETED_DEVICE_FAMILY = "1,2";
			};
			name = Release;
		};
/* End XCBuildConfiguration section */

/* Begin XCConfigurationList section */
		4AA2F7E3209F3FB40074D226 /* Build configuration list for PBXProject "FindWords" */ = {
			isa = XCConfigurationList;
			buildConfigurations = (
				4AA2F7F8209F3FB50074D226 /* Debug */,
				4AA2F7F9209F3FB50074D226 /* Release */,
			);
			defaultConfigurationIsVisible = 0;
			defaultConfigurationName = Release;
		};
		4AA2F7FA209F3FB50074D226 /* Build configuration list for PBXNativeTarget "FindWords" */ = {
			isa = XCConfigurationList;
			buildConfigurations = (
				4AA2F7FB209F3FB50074D226 /* Debug */,
				4AA2F7FC209F3FB50074D226 /* Release */,
			);
			defaultConfigurationIsVisible = 0;
			defaultConfigurationName = Release;
		};
/* End XCConfigurationList section */
	};
	rootObject = 4AA2F7E0209F3FB40074D226 /* Project object */;
}
